
Microsoft Visual Studio Solution File, Format Version 12.00
# Visual Studio Version 17
VisualStudioVersion = 17.11.35303.130
MinimumVisualStudioVersion = 10.0.40219.1
Project("{8BC9CEB8-8B4A-11D0-8D11-00A0C91BC942}") = "ListQueueEx", "ListQueueEx\ListQueueEx.vcxproj", "{4A462DB7-62D9-428C-AA4A-60AB12E109BC}"
EndProject
Global
	GlobalSection(SolutionConfigurationPlatforms) = preSolution
		Debug|x64 = Debug|x64
		Debug|x86 = Debug|x86
		Release|x64 = Release|x64
		Release|x86 = Release|x86
	EndGlobalSection
	GlobalSection(ProjectConfigurationPlatforms) = postSolution
		{4A462DB7-62D9-428C-AA4A-60AB12E109BC}.Debug|x64.ActiveCfg = Debug|x64
		{4A462DB7-62D9-428C-AA4A-60AB12E109BC}.Debug|x64.Build.0 = Debug|x64
		{4A462DB7-62D9-428C-AA4A-60AB12E109BC}.Debug|x86.ActiveCfg = Debug|Win32
		{4A462DB7-62D9-428C-AA4A-60AB12E109BC}.Debug|x86.Build.0 = Debug|Win32
		{4A462DB7-62D9-428C-AA4A-60AB12E109BC}.Release|x64.ActiveCfg = Release|x64
		{4A462DB7-62D9-428C-AA4A-60AB12E109BC}.Release|x64.Build.0 = Release|x64
		{4A462DB7-62D9-428C-AA4A-60AB12E109BC}.Release|x86.ActiveCfg = Release|Win32
		{4A462DB7-62D9-428C-AA4A-60AB12E109BC}.Release|x86.Build.0 = Release|Win32
	EndGlobalSection
	GlobalSection(SolutionProperties) = preSolution
		HideSolutionNode = FALSE
	EndGlobalSection
	GlobalSection(ExtensibilityGlobals) = postSolution
		SolutionGuid = {64A63BDA-734F-42B7-AF5B-1A9E03EE8A48}
	EndGlobalSection
EndGlobal
